
Microsoft Visual Studio Solution File, Format Version 12.00
# Visual Studio 15
VisualStudioVersion = 15.0.27703.2035
MinimumVisualStudioVersion = 10.0.40219.1
Project("{FAE04EC0-301F-11D3-BF4B-00C04F79EFBC}") = "VowelCount", "VowelCount\VowelCount.csproj", "{FDC31EFC-3C54-40A8-8346-0F4DB6AE108F}"
EndProject
Project("{FAE04EC0-301F-11D3-BF4B-00C04F79EFBC}") = "VowelCountTests", "VowelCountTests\VowelCountTests.csproj", "{29B1900B-836C-4D6E-839E-F5831DD43223}"
EndProject
Global
	GlobalSection(SolutionConfigurationPlatforms) = preSolution
		Debug|Any CPU = Debug|Any CPU
		Release|Any CPU = Release|Any CPU
	EndGlobalSection
	GlobalSection(ProjectConfigurationPlatforms) = postSolution
		{FDC31EFC-3C54-40A8-8346-0F4DB6AE108F}.Debug|Any CPU.ActiveCfg = Debug|Any CPU
		{FDC31EFC-3C54-40A8-8346-0F4DB6AE108F}.Debug|Any CPU.Build.0 = Debug|Any CPU
		{FDC31EFC-3C54-40A8-8346-0F4DB6AE108F}.Release|Any CPU.ActiveCfg = Release|Any CPU
		{FDC31EFC-3C54-40A8-8346-0F4DB6AE108F}.Release|Any CPU.Build.0 = Release|Any CPU
		{29B1900B-836C-4D6E-839E-F5831DD43223}.Debug|Any CPU.ActiveCfg = Debug|Any CPU
		{29B1900B-836C-4D6E-839E-F5831DD43223}.Debug|Any CPU.Build.0 = Debug|Any CPU
		{29B1900B-836C-4D6E-839E-F5831DD43223}.Release|Any CPU.ActiveCfg = Release|Any CPU
		{29B1900B-836C-4D6E-839E-F5831DD43223}.Release|Any CPU.Build.0 = Release|Any CPU
	EndGlobalSection
	GlobalSection(SolutionProperties) = preSolution
		HideSolutionNode = FALSE
	EndGlobalSection
	GlobalSection(ExtensibilityGlobals) = postSolution
		SolutionGuid = {C103A78C-D1DF-4C8D-A7D6-E73ACB4802E9}
	EndGlobalSection
EndGlobal
